# This file is automatically @generated by Poetry 1.4.0 and should not be changed by hand.

[[package]]
name = "aiofile"
version = "3.8.1"
description = "Asynchronous file operations."
category = "main"
optional = false
python-versions = ">=3.7, <4"
files = [
    {file = "aiofile-3.8.1.tar.gz", hash = "sha256:1623b98d88fbd16bbd2808d010de4e185a700e950ed3f17455dd851aa2455f40"},
]

[package.dependencies]
caio = ">=0.9.0,<0.10.0"

[package.extras]
develop = ["aiomisc", "pytest", "pytest-cov"]

[[package]]
name = "aiopath"
version = "0.5.12"
description = "📁 Async pathlib for Python"
category = "main"
optional = false
python-versions = ">=3.7"
files = [
    {file = "aiopath-0.5.12-py2.py3-none-any.whl", hash = "sha256:9d85fd17ef1cbc75c0e81619acb3a1632cf5e15ead459e57fef5ec85e0b7a1da"},
    {file = "aiopath-0.5.12.tar.gz", hash = "sha256:de2f9401dd098b9a279afb265df5a6eb5b78f39c2c4f3871f671fc1dd4b21d64"},
]

[package.dependencies]
aiofile = ">=3.5.0,<4"
anyio = ">=3.2.0,<4"
typing-extensions = {version = ">=3.10.0.0", markers = "python_version < \"3.10\""}

[[package]]
name = "aiopath"
version = "0.6.11"
description = "📁 Async pathlib for Python"
category = "main"
optional = false
python-versions = ">=3.10"
files = [
    {file = "aiopath-0.6.11-py2.py3-none-any.whl", hash = "sha256:7b1f1aa3acb422050908ac3c4755b5e43f625111be003f1bfc7dc2193027c45d"},
    {file = "aiopath-0.6.11.tar.gz", hash = "sha256:2f0d4d9195281612c6508cbfa12ac3184c31540d13b9e6215a325897da59decd"},
]

[package.dependencies]
aiofile = ">=3.5.0,<4"
anyio = ">=3.2.0,<4"

[[package]]
name = "anyio"
version = "3.6.2"
description = "High level compatibility layer for multiple asynchronous event loop implementations"
category = "main"
optional = false
python-versions = ">=3.6.2"
files = [
    {file = "anyio-3.6.2-py3-none-any.whl", hash = "sha256:fbbe32bd270d2a2ef3ed1c5d45041250284e31fc0a4df4a5a6071842051a51e3"},
    {file = "anyio-3.6.2.tar.gz", hash = "sha256:25ea0d673ae30af41a0c442f81cf3b38c7e79fdc7b60335a4c14e05eb0947421"},
]

[package.dependencies]
idna = ">=2.8"
sniffio = ">=1.1"
typing-extensions = {version = "*", markers = "python_version < \"3.8\""}

[package.extras]
doc = ["packaging", "sphinx-autodoc-typehints (>=1.2.0)", "sphinx-rtd-theme"]
test = ["contextlib2", "coverage[toml] (>=4.5)", "hypothesis (>=4.0)", "mock (>=4)", "pytest (>=7.0)", "pytest-mock (>=3.6.1)", "trustme", "uvloop (<0.15)", "uvloop (>=0.15)"]
trio = ["trio (>=0.16,<0.22)"]

[[package]]
name = "attrs"
version = "22.2.0"
description = "Classes Without Boilerplate"
category = "dev"
optional = false
python-versions = ">=3.6"
files = [
    {file = "attrs-22.2.0-py3-none-any.whl", hash = "sha256:29e95c7f6778868dbd49170f98f8818f78f3dc5e0e37c0b1f474e3561b240836"},
    {file = "attrs-22.2.0.tar.gz", hash = "sha256:c9227bfc2f01993c03f68db37d1d15c9690188323c067c641f1a35ca58185f99"},
]

[package.extras]
cov = ["attrs[tests]", "coverage-enable-subprocess", "coverage[toml] (>=5.3)"]
dev = ["attrs[docs,tests]"]
docs = ["furo", "myst-parser", "sphinx", "sphinx-notfound-page", "sphinxcontrib-towncrier", "towncrier", "zope.interface"]
tests = ["attrs[tests-no-zope]", "zope.interface"]
tests-no-zope = ["cloudpickle", "cloudpickle", "hypothesis", "hypothesis", "mypy (>=0.971,<0.990)", "mypy (>=0.971,<0.990)", "pympler", "pympler", "pytest (>=4.3.0)", "pytest (>=4.3.0)", "pytest-mypy-plugins", "pytest-mypy-plugins", "pytest-xdist[psutil]", "pytest-xdist[psutil]"]

[[package]]
name = "caio"
version = "0.9.12"
description = "Asynchronous file IO for Linux MacOS or Windows."
category = "main"
optional = false
python-versions = ">=3.7, <4"
files = [
    {file = "caio-0.9.12-cp310-cp310-macosx_10_9_universal2.whl", hash = "sha256:df395e7e1c2025b3f32dbeff20a8b6491959fac8fbd5a9c2d452bf1f5c0ca2bf"},
    {file = "caio-0.9.12-cp310-cp310-macosx_11_0_x86_64.whl", hash = "sha256:acd31b7828c6683bc46e467a32359f08c686d4c25a7e645c029a07c36685fea7"},
    {file = "caio-0.9.12-cp310-cp310-manylinux_2_12_x86_64.manylinux2010_x86_64.manylinux_2_17_x86_64.manylinux2014_x86_64.whl", hash = "sha256:c0b7ffb561ca5c24e7f080aaa73ebb143ae659bd69645a748b332762c389349f"},
    {file = "caio-0.9.12-cp310-cp310-manylinux_2_17_aarch64.manylinux2014_aarch64.whl", hash = "sha256:6285d772ae3a55e758b1bd3bc34f095757e4af45dcc30a183becf9bbdead8ced"},
    {file = "caio-0.9.12-cp311-cp311-macosx_10_9_universal2.whl", hash = "sha256:18df0caecfaa90ab9ac84ff71975fcf2342554b6f65ef69049337204b8b5af42"},
    {file = "caio-0.9.12-cp311-cp311-manylinux_2_12_x86_64.manylinux2010_x86_64.manylinux_2_17_x86_64.manylinux2014_x86_64.whl", hash = "sha256:7e569b83e9b41d12e094190d0e1a546610829a65609f429a1845e3250d4c5804"},
    {file = "caio-0.9.12-cp311-cp311-manylinux_2_17_aarch64.manylinux2014_aarch64.whl", hash = "sha256:7833f81f58e76a3585ff59813e63fa278731c8d26fefe52ae12e783d38c8faea"},
    {file = "caio-0.9.12-cp37-cp37m-macosx_10_15_x86_64.whl", hash = "sha256:aa1dab77aca0b2672b9a364f14a03e764c5d811c0ae1395f661a2b8f6723f958"},
    {file = "caio-0.9.12-cp37-cp37m-macosx_10_9_x86_64.whl", hash = "sha256:f366c595eda130a184f372d458d647b0ac879a46e872757648d4e29b6cea12ad"},
    {file = "caio-0.9.12-cp37-cp37m-manylinux_2_12_x86_64.manylinux2010_x86_64.manylinux_2_17_x86_64.manylinux2014_x86_64.whl", hash = "sha256:2759fe1957d0effb3bc38b3508b20fa37610bff9005f3926f570e6c06e901567"},
    {file = "caio-0.9.12-cp37-cp37m-manylinux_2_17_aarch64.manylinux2014_aarch64.whl", hash = "sha256:9e65060717e27c702cd76a90be33250cae46be32a3009781ce382c8675fa7551"},
    {file = "caio-0.9.12-cp38-cp38-macosx_10_15_x86_64.whl", hash = "sha256:a8204c6a7ea3c96057abba3da1690190b3cae0c3f03d81e9b5e3c99978b5bb6e"},
    {file = "caio-0.9.12-cp38-cp38-macosx_11_0_universal2.whl", hash = "sha256:820bb3ef23ce0d4096f822a8fea97ff2c239dd0351fa588801d2de627df9ab98"},
    {file = "caio-0.9.12-cp38-cp38-manylinux_2_12_x86_64.manylinux2010_x86_64.manylinux_2_17_x86_64.manylinux2014_x86_64.whl", hash = "sha256:aa9a27973a03c777934decd577be577a61a188bee72272b3dc37a7cbc5eedf91"},
    {file = "caio-0.9.12-cp38-cp38-manylinux_2_17_aarch64.manylinux2014_aarch64.whl", hash = "sha256:3d6b424644ac37ce84f9dd99757d29e7cff01018d3b31f8ec0a38f2d5216165c"},
    {file = "caio-0.9.12-cp39-cp39-macosx_10_9_universal2.whl", hash = "sha256:15192a28e054cd591489af82f4b1093f15338eb201a2399a337461ff0bbd9fc9"},
    {file = "caio-0.9.12-cp39-cp39-macosx_11_0_x86_64.whl", hash = "sha256:55317d2c90479a58108cfbd6816b85e584e61c48b42269c55f69cf4443857068"},
    {file = "caio-0.9.12-cp39-cp39-manylinux_2_12_x86_64.manylinux2010_x86_64.manylinux_2_17_x86_64.manylinux2014_x86_64.whl", hash = "sha256:b18318d04cad7ef985fc2fb86d43f866ba34c1ee3445385f2370d6f843c05c69"},
    {file = "caio-0.9.12-cp39-cp39-manylinux_2_17_aarch64.manylinux2014_aarch64.whl", hash = "sha256:73c20d8fc7dfb140b7d57e69e6f17e1637d2ac4a9ebe0f5f8c94b56f87c5c087"},
    {file = "caio-0.9.12-py3-none-any.whl", hash = "sha256:b81b3271478e91f18e7ac1f3e4f914ba0924364857ba8e27f03b9d0aea915ca8"},
    {file = "caio-0.9.12.tar.gz", hash = "sha256:d2be553738dd793f8a01a60316f2c5284fbf152219241c0c67ca05f650a37a37"},
]

[package.extras]
develop = ["aiomisc-pytest", "pytest", "pytest-cov"]

[[package]]
name = "colorama"
version = "0.4.6"
description = "Cross-platform colored terminal text."
category = "dev"
optional = false
python-versions = "!=3.0.*,!=3.1.*,!=3.2.*,!=3.3.*,!=3.4.*,!=3.5.*,!=3.6.*,>=2.7"
files = [
    {file = "colorama-0.4.6-py2.py3-none-any.whl", hash = "sha256:4f1d9991f5acc0ca119f9d443620b77f9d6b33703e51011c16baf57afb285fc6"},
    {file = "colorama-0.4.6.tar.gz", hash = "sha256:08695f5cb7ed6e0531a20572697297273c47b8cae5a63ffc6d6ed5c201be6e44"},
]

[[package]]
name = "coverage"
version = "7.2.1"
description = "Code coverage measurement for Python"
category = "dev"
optional = false
python-versions = ">=3.7"
files = [
    {file = "coverage-7.2.1-cp310-cp310-macosx_10_9_x86_64.whl", hash = "sha256:49567ec91fc5e0b15356da07a2feabb421d62f52a9fff4b1ec40e9e19772f5f8"},
    {file = "coverage-7.2.1-cp310-cp310-macosx_11_0_arm64.whl", hash = "sha256:d2ef6cae70168815ed91388948b5f4fcc69681480a0061114db737f957719f03"},
    {file = "coverage-7.2.1-cp310-cp310-manylinux_2_17_aarch64.manylinux2014_aarch64.whl", hash = "sha256:3004765bca3acd9e015794e5c2f0c9a05587f5e698127ff95e9cfba0d3f29339"},
    {file = "coverage-7.2.1-cp310-cp310-manylinux_2_5_i686.manylinux1_i686.manylinux_2_17_i686.manylinux2014_i686.whl", hash = "sha256:cca7c0b7f5881dfe0291ef09ba7bb1582cb92ab0aeffd8afb00c700bf692415a"},
    {file = "coverage-7.2.1-cp310-cp310-manylinux_2_5_x86_64.manylinux1_x86_64.manylinux_2_17_x86_64.manylinux2014_x86_64.whl", hash = "sha256:b2167d116309f564af56f9aa5e75ef710ef871c5f9b313a83050035097b56820"},
    {file = "coverage-7.2.1-cp310-cp310-musllinux_1_1_aarch64.whl", hash = "sha256:cb5f152fb14857cbe7f3e8c9a5d98979c4c66319a33cad6e617f0067c9accdc4"},
    {file = "coverage-7.2.1-cp310-cp310-musllinux_1_1_i686.whl", hash = "sha256:87dc37f16fb5e3a28429e094145bf7c1753e32bb50f662722e378c5851f7fdc6"},
    {file = "coverage-7.2.1-cp310-cp310-musllinux_1_1_x86_64.whl", hash = "sha256:e191a63a05851f8bce77bc875e75457f9b01d42843f8bd7feed2fc26bbe60833"},
    {file = "coverage-7.2.1-cp310-cp310-win32.whl", hash = "sha256:e3ea04b23b114572b98a88c85379e9e9ae031272ba1fb9b532aa934c621626d4"},
    {file = "coverage-7.2.1-cp310-cp310-win_amd64.whl", hash = "sha256:0cf557827be7eca1c38a2480484d706693e7bb1929e129785fe59ec155a59de6"},
    {file = "coverage-7.2.1-cp311-cp311-macosx_10_9_x86_64.whl", hash = "sha256:570c21a29493b350f591a4b04c158ce1601e8d18bdcd21db136fbb135d75efa6"},
    {file = "coverage-7.2.1-cp311-cp311-macosx_11_0_arm64.whl", hash = "sha256:9e872b082b32065ac2834149dc0adc2a2e6d8203080501e1e3c3c77851b466f9"},
    {file = "coverage-7.2.1-cp311-cp311-manylinux_2_17_aarch64.manylinux2014_aarch64.whl", hash = "sha256:fac6343bae03b176e9b58104a9810df3cdccd5cfed19f99adfa807ffbf43cf9b"},
    {file = "coverage-7.2.1-cp311-cp311-manylinux_2_5_i686.manylinux1_i686.manylinux_2_17_i686.manylinux2014_i686.whl", hash = "sha256:abacd0a738e71b20e224861bc87e819ef46fedba2fb01bc1af83dfd122e9c319"},
    {file = "coverage-7.2.1-cp311-cp311-manylinux_2_5_x86_64.manylinux1_x86_64.manylinux_2_17_x86_64.manylinux2014_x86_64.whl", hash = "sha256:d9256d4c60c4bbfec92721b51579c50f9e5062c21c12bec56b55292464873508"},
    {file = "coverage-7.2.1-cp311-cp311-musllinux_1_1_aarch64.whl", hash = "sha256:80559eaf6c15ce3da10edb7977a1548b393db36cbc6cf417633eca05d84dd1ed"},
    {file = "coverage-7.2.1-cp311-cp311-musllinux_1_1_i686.whl", hash = "sha256:0bd7e628f6c3ec4e7d2d24ec0e50aae4e5ae95ea644e849d92ae4805650b4c4e"},
    {file = "coverage-7.2.1-cp311-cp311-musllinux_1_1_x86_64.whl", hash = "sha256:09643fb0df8e29f7417adc3f40aaf379d071ee8f0350ab290517c7004f05360b"},
    {file = "coverage-7.2.1-cp311-cp311-win32.whl", hash = "sha256:1b7fb13850ecb29b62a447ac3516c777b0e7a09ecb0f4bb6718a8654c87dfc80"},
    {file = "coverage-7.2.1-cp311-cp311-win_amd64.whl", hash = "sha256:617a94ada56bbfe547aa8d1b1a2b8299e2ec1ba14aac1d4b26a9f7d6158e1273"},
    {file = "coverage-7.2.1-cp37-cp37m-macosx_10_9_x86_64.whl", hash = "sha256:8649371570551d2fd7dee22cfbf0b61f1747cdfb2b7587bb551e4beaaa44cb97"},
    {file = "coverage-7.2.1-cp37-cp37m-manylinux_2_17_aarch64.manylinux2014_aarch64.whl", hash = "sha256:5d2b9b5e70a21474c105a133ba227c61bc95f2ac3b66861143ce39a5ea4b3f84"},
    {file = "coverage-7.2.1-cp37-cp37m-manylinux_2_5_i686.manylinux1_i686.manylinux_2_17_i686.manylinux2014_i686.whl", hash = "sha256:ae82c988954722fa07ec5045c57b6d55bc1a0890defb57cf4a712ced65b26ddd"},
    {file = "coverage-7.2.1-cp37-cp37m-manylinux_2_5_x86_64.manylinux1_x86_64.manylinux_2_17_x86_64.manylinux2014_x86_64.whl", hash = "sha256:861cc85dfbf55a7a768443d90a07e0ac5207704a9f97a8eb753292a7fcbdfcfc"},
    {file = "coverage-7.2.1-cp37-cp37m-musllinux_1_1_aarch64.whl", hash = "sha256:0339dc3237c0d31c3b574f19c57985fcbe494280153bbcad33f2cdf469f4ac3e"},
    {file = "coverage-7.2.1-cp37-cp37m-musllinux_1_1_i686.whl", hash = "sha256:5928b85416a388dd557ddc006425b0c37e8468bd1c3dc118c1a3de42f59e2a54"},
    {file = "coverage-7.2.1-cp37-cp37m-musllinux_1_1_x86_64.whl", hash = "sha256:8d3843ca645f62c426c3d272902b9de90558e9886f15ddf5efe757b12dd376f5"},
    {file = "coverage-7.2.1-cp37-cp37m-win32.whl", hash = "sha256:6a034480e9ebd4e83d1aa0453fd78986414b5d237aea89a8fdc35d330aa13bae"},
    {file = "coverage-7.2.1-cp37-cp37m-win_amd64.whl", hash = "sha256:6fce673f79a0e017a4dc35e18dc7bb90bf6d307c67a11ad5e61ca8d42b87cbff"},
    {file = "coverage-7.2.1-cp38-cp38-macosx_10_9_x86_64.whl", hash = "sha256:7f099da6958ddfa2ed84bddea7515cb248583292e16bb9231d151cd528eab657"},
    {file = "coverage-7.2.1-cp38-cp38-macosx_11_0_arm64.whl", hash = "sha256:97a3189e019d27e914ecf5c5247ea9f13261d22c3bb0cfcfd2a9b179bb36f8b1"},
    {file = "coverage-7.2.1-cp38-cp38-manylinux_2_17_aarch64.manylinux2014_aarch64.whl", hash = "sha256:a81dbcf6c6c877986083d00b834ac1e84b375220207a059ad45d12f6e518a4e3"},
    {file = "coverage-7.2.1-cp38-cp38-manylinux_2_5_i686.manylinux1_i686.manylinux_2_17_i686.manylinux2014_i686.whl", hash = "sha256:78d2c3dde4c0b9be4b02067185136b7ee4681978228ad5ec1278fa74f5ca3e99"},
    {file = "coverage-7.2.1-cp38-cp38-manylinux_2_5_x86_64.manylinux1_x86_64.manylinux_2_17_x86_64.manylinux2014_x86_64.whl", hash = "sha256:3a209d512d157379cc9ab697cbdbb4cfd18daa3e7eebaa84c3d20b6af0037384"},
    {file = "coverage-7.2.1-cp38-cp38-musllinux_1_1_aarch64.whl", hash = "sha256:f3d07edb912a978915576a776756069dede66d012baa503022d3a0adba1b6afa"},
    {file = "coverage-7.2.1-cp38-cp38-musllinux_1_1_i686.whl", hash = "sha256:8dca3c1706670297851bca1acff9618455122246bdae623be31eca744ade05ec"},
    {file = "coverage-7.2.1-cp38-cp38-musllinux_1_1_x86_64.whl", hash = "sha256:b1991a6d64231a3e5bbe3099fb0dd7c9aeaa4275ad0e0aeff4cb9ef885c62ba2"},
    {file = "coverage-7.2.1-cp38-cp38-win32.whl", hash = "sha256:22c308bc508372576ffa3d2dbc4824bb70d28eeb4fcd79d4d1aed663a06630d0"},
    {file = "coverage-7.2.1-cp38-cp38-win_amd64.whl", hash = "sha256:b0c0d46de5dd97f6c2d1b560bf0fcf0215658097b604f1840365296302a9d1fb"},
    {file = "coverage-7.2.1-cp39-cp39-macosx_10_9_x86_64.whl", hash = "sha256:4dd34a935de268a133e4741827ae951283a28c0125ddcdbcbba41c4b98f2dfef"},
    {file = "coverage-7.2.1-cp39-cp39-macosx_11_0_arm64.whl", hash = "sha256:0f8318ed0f3c376cfad8d3520f496946977abde080439d6689d7799791457454"},
    {file = "coverage-7.2.1-cp39-cp39-manylinux_2_17_aarch64.manylinux2014_aarch64.whl", hash = "sha256:834c2172edff5a08d78e2f53cf5e7164aacabeb66b369f76e7bb367ca4e2d993"},
    {file = "coverage-7.2.1-cp39-cp39-manylinux_2_5_i686.manylinux1_i686.manylinux_2_17_i686.manylinux2014_i686.whl", hash = "sha256:e4d70c853f0546855f027890b77854508bdb4d6a81242a9d804482e667fff6e6"},
    {file = "coverage-7.2.1-cp39-cp39-manylinux_2_5_x86_64.manylinux1_x86_64.manylinux_2_17_x86_64.manylinux2014_x86_64.whl", hash = "sha256:8a6450da4c7afc4534305b2b7d8650131e130610cea448ff240b6ab73d7eab63"},
    {file = "coverage-7.2.1-cp39-cp39-musllinux_1_1_aarch64.whl", hash = "sha256:99f4dd81b2bb8fc67c3da68b1f5ee1650aca06faa585cbc6818dbf67893c6d58"},
    {file = "coverage-7.2.1-cp39-cp39-musllinux_1_1_i686.whl", hash = "sha256:bdd3f2f285ddcf2e75174248b2406189261a79e7fedee2ceeadc76219b6faa0e"},
    {file = "coverage-7.2.1-cp39-cp39-musllinux_1_1_x86_64.whl", hash = "sha256:f29351393eb05e6326f044a7b45ed8e38cb4dcc38570d12791f271399dc41431"},
    {file = "coverage-7.2.1-cp39-cp39-win32.whl", hash = "sha256:e2b50ebc2b6121edf352336d503357321b9d8738bb7a72d06fc56153fd3f4cd8"},
    {file = "coverage-7.2.1-cp39-cp39-win_amd64.whl", hash = "sha256:bd5a12239c0006252244f94863f1c518ac256160cd316ea5c47fb1a11b25889a"},
    {file = "coverage-7.2.1-pp37.pp38.pp39-none-any.whl", hash = "sha256:436313d129db7cf5b4ac355dd2bd3f7c7e5294af077b090b85de75f8458b8616"},
    {file = "coverage-7.2.1.tar.gz", hash = "sha256:c77f2a9093ccf329dd523a9b2b3c854c20d2a3d968b6def3b820272ca6732242"},
]

[package.dependencies]
tomli = {version = "*", optional = true, markers = "python_full_version <= \"3.11.0a6\" and extra == \"toml\""}

[package.extras]
toml = ["tomli"]

[[package]]
name = "diot"
version = "0.1.6"
description = "Python dictionary with dot notation."
category = "main"
optional = false
python-versions = ">=3.7,<4.0"
files = [
    {file = "diot-0.1.6-py3-none-any.whl", hash = "sha256:1e7f97bbc92cbbdd51d8c535885f5e2a71762b364c1b2410dfc84f3a4572d551"},
    {file = "diot-0.1.6.tar.gz", hash = "sha256:1dcfc37dff406c96020d14350c05f920cb7446c3e5abf3477cf2ae0587f72066"},
]

[package.dependencies]
inflection = ">=0.5,<0.6"

[[package]]
name = "exceptiongroup"
version = "1.1.1"
description = "Backport of PEP 654 (exception groups)"
category = "dev"
optional = false
python-versions = ">=3.7"
files = [
    {file = "exceptiongroup-1.1.1-py3-none-any.whl", hash = "sha256:232c37c63e4f682982c8b6459f33a8981039e5fb8756b2074364e5055c498c9e"},
    {file = "exceptiongroup-1.1.1.tar.gz", hash = "sha256:d484c3090ba2889ae2928419117447a14daf3c1231d5e30d0aae34f354f01785"},
]

[package.extras]
test = ["pytest (>=6)"]

[[package]]
name = "idna"
version = "3.4"
description = "Internationalized Domain Names in Applications (IDNA)"
category = "main"
optional = false
python-versions = ">=3.5"
files = [
    {file = "idna-3.4-py3-none-any.whl", hash = "sha256:90b77e79eaa3eba6de819a0c442c0b4ceefc341a7a2ab77d7562bf49f425c5c2"},
    {file = "idna-3.4.tar.gz", hash = "sha256:814f528e8dead7d329833b91c5faa87d60bf71824cd12a7530b5526063d02cb4"},
]

[[package]]
name = "importlib-metadata"
version = "4.13.0"
description = "Read metadata from Python packages"
category = "main"
optional = false
python-versions = ">=3.7"
files = [
    {file = "importlib_metadata-4.13.0-py3-none-any.whl", hash = "sha256:8a8a81bcf996e74fee46f0d16bd3eaa382a7eb20fd82445c3ad11f4090334116"},
    {file = "importlib_metadata-4.13.0.tar.gz", hash = "sha256:dd0173e8f150d6815e098fd354f6414b0f079af4644ddfe90c71e2fc6174346d"},
]

[package.dependencies]
typing-extensions = {version = ">=3.6.4", markers = "python_version < \"3.8\""}
zipp = ">=0.5"

[package.extras]
docs = ["furo", "jaraco.packaging (>=9)", "jaraco.tidelift (>=1.4)", "rst.linker (>=1.9)", "sphinx (>=3.5)"]
perf = ["ipython"]
testing = ["flake8 (<5)", "flufl.flake8", "importlib-resources (>=1.3)", "packaging", "pyfakefs", "pytest (>=6)", "pytest-black (>=0.3.7)", "pytest-checkdocs (>=2.4)", "pytest-cov", "pytest-enabler (>=1.3)", "pytest-flake8", "pytest-mypy (>=0.9.1)", "pytest-perf (>=0.9.2)"]

[[package]]
name = "inflection"
version = "0.5.1"
description = "A port of Ruby on Rails inflector to Python"
category = "main"
optional = false
python-versions = ">=3.5"
files = [
    {file = "inflection-0.5.1-py2.py3-none-any.whl", hash = "sha256:f38b2b640938a4f35ade69ac3d053042959b62a0f1076a5bbaa1b9526605a8a2"},
    {file = "inflection-0.5.1.tar.gz", hash = "sha256:1a29730d366e996aaacffb2f1f1cb9593dc38e2ddd30c91250c6dde09ea9b417"},
]

[[package]]
name = "iniconfig"
version = "2.0.0"
description = "brain-dead simple config-ini parsing"
category = "dev"
optional = false
python-versions = ">=3.7"
files = [
    {file = "iniconfig-2.0.0-py3-none-any.whl", hash = "sha256:b6a85871a79d2e3b22d2d1b94ac2824226a63c6b741c88f7ae975f18b6778374"},
    {file = "iniconfig-2.0.0.tar.gz", hash = "sha256:2d91e135bf72d31a410b17c16da610a82cb55f6b0477d1a902134b24a455b8b3"},
]

[[package]]
name = "markdown-it-py"
version = "2.2.0"
description = "Python port of markdown-it. Markdown parsing, done right!"
category = "main"
optional = false
python-versions = ">=3.7"
files = [
    {file = "markdown-it-py-2.2.0.tar.gz", hash = "sha256:7c9a5e412688bc771c67432cbfebcdd686c93ce6484913dccf06cb5a0bea35a1"},
    {file = "markdown_it_py-2.2.0-py3-none-any.whl", hash = "sha256:5a35f8d1870171d9acc47b99612dc146129b631baf04970128b568f190d0cc30"},
]

[package.dependencies]
mdurl = ">=0.1,<1.0"
typing_extensions = {version = ">=3.7.4", markers = "python_version < \"3.8\""}

[package.extras]
benchmarking = ["psutil", "pytest", "pytest-benchmark"]
code-style = ["pre-commit (>=3.0,<4.0)"]
compare = ["commonmark (>=0.9,<1.0)", "markdown (>=3.4,<4.0)", "mistletoe (>=1.0,<2.0)", "mistune (>=2.0,<3.0)", "panflute (>=2.3,<3.0)"]
linkify = ["linkify-it-py (>=1,<3)"]
plugins = ["mdit-py-plugins"]
profiling = ["gprof2dot"]
rtd = ["attrs", "myst-parser", "pyyaml", "sphinx", "sphinx-copybutton", "sphinx-design", "sphinx_book_theme"]
testing = ["coverage", "pytest", "pytest-cov", "pytest-regressions"]

[[package]]
name = "mdurl"
version = "0.1.2"
description = "Markdown URL utilities"
category = "main"
optional = false
python-versions = ">=3.7"
files = [
    {file = "mdurl-0.1.2-py3-none-any.whl", hash = "sha256:84008a41e51615a49fc9966191ff91509e3c40b939176e643fd50a5c2196b8f8"},
    {file = "mdurl-0.1.2.tar.gz", hash = "sha256:bb413d29f5eea38f31dd4754dd7377d4465116fb207585f97bf925588687c1ba"},
]

[[package]]
name = "packaging"
version = "23.0"
description = "Core utilities for Python packages"
category = "dev"
optional = false
python-versions = ">=3.7"
files = [
    {file = "packaging-23.0-py3-none-any.whl", hash = "sha256:714ac14496c3e68c99c29b00845f7a2b85f3bb6f1078fd9f72fd20f0570002b2"},
    {file = "packaging-23.0.tar.gz", hash = "sha256:b6ad297f8907de0fa2fe1ccbd26fdaf387f5f47c7275fedf8cce89f99446cf97"},
]

[[package]]
name = "pluggy"
version = "1.0.0"
description = "plugin and hook calling mechanisms for python"
category = "dev"
optional = false
python-versions = ">=3.6"
files = [
    {file = "pluggy-1.0.0-py2.py3-none-any.whl", hash = "sha256:74134bbf457f031a36d68416e1509f34bd5ccc019f0bcc952c7b909d06b37bd3"},
    {file = "pluggy-1.0.0.tar.gz", hash = "sha256:4224373bacce55f955a878bf9cfa763c1e360858e330072059e10bad68531159"},
]

[package.dependencies]
importlib-metadata = {version = ">=0.12", markers = "python_version < \"3.8\""}

[package.extras]
dev = ["pre-commit", "tox"]
testing = ["pytest", "pytest-benchmark"]

[[package]]
name = "psutil"
version = "5.9.4"
description = "Cross-platform lib for process and system monitoring in Python."
category = "main"
optional = false
python-versions = ">=2.7, !=3.0.*, !=3.1.*, !=3.2.*, !=3.3.*"
files = [
    {file = "psutil-5.9.4-cp27-cp27m-macosx_10_9_x86_64.whl", hash = "sha256:c1ca331af862803a42677c120aff8a814a804e09832f166f226bfd22b56feee8"},
    {file = "psutil-5.9.4-cp27-cp27m-manylinux2010_i686.whl", hash = "sha256:68908971daf802203f3d37e78d3f8831b6d1014864d7a85937941bb35f09aefe"},
    {file = "psutil-5.9.4-cp27-cp27m-manylinux2010_x86_64.whl", hash = "sha256:3ff89f9b835100a825b14c2808a106b6fdcc4b15483141482a12c725e7f78549"},
    {file = "psutil-5.9.4-cp27-cp27m-win32.whl", hash = "sha256:852dd5d9f8a47169fe62fd4a971aa07859476c2ba22c2254d4a1baa4e10b95ad"},
    {file = "psutil-5.9.4-cp27-cp27m-win_amd64.whl", hash = "sha256:9120cd39dca5c5e1c54b59a41d205023d436799b1c8c4d3ff71af18535728e94"},
    {file = "psutil-5.9.4-cp27-cp27mu-manylinux2010_i686.whl", hash = "sha256:6b92c532979bafc2df23ddc785ed116fced1f492ad90a6830cf24f4d1ea27d24"},
    {file = "psutil-5.9.4-cp27-cp27mu-manylinux2010_x86_64.whl", hash = "sha256:efeae04f9516907be44904cc7ce08defb6b665128992a56957abc9b61dca94b7"},
    {file = "psutil-5.9.4-cp36-abi3-macosx_10_9_x86_64.whl", hash = "sha256:54d5b184728298f2ca8567bf83c422b706200bcbbfafdc06718264f9393cfeb7"},
    {file = "psutil-5.9.4-cp36-abi3-manylinux_2_12_i686.manylinux2010_i686.manylinux_2_17_i686.manylinux2014_i686.whl", hash = "sha256:16653106f3b59386ffe10e0bad3bb6299e169d5327d3f187614b1cb8f24cf2e1"},
    {file = "psutil-5.9.4-cp36-abi3-manylinux_2_12_x86_64.manylinux2010_x86_64.manylinux_2_17_x86_64.manylinux2014_x86_64.whl", hash = "sha256:54c0d3d8e0078b7666984e11b12b88af2db11d11249a8ac8920dd5ef68a66e08"},
    {file = "psutil-5.9.4-cp36-abi3-win32.whl", hash = "sha256:149555f59a69b33f056ba1c4eb22bb7bf24332ce631c44a319cec09f876aaeff"},
    {file = "psutil-5.9.4-cp36-abi3-win_amd64.whl", hash = "sha256:fd8522436a6ada7b4aad6638662966de0d61d241cb821239b2ae7013d41a43d4"},
    {file = "psutil-5.9.4-cp38-abi3-macosx_11_0_arm64.whl", hash = "sha256:6001c809253a29599bc0dfd5179d9f8a5779f9dffea1da0f13c53ee568115e1e"},
    {file = "psutil-5.9.4.tar.gz", hash = "sha256:3d7f9739eb435d4b1338944abe23f49584bde5395f27487d2ee25ad9a8774a62"},
]

[package.extras]
test = ["enum34", "ipaddress", "mock", "pywin32", "wmi"]

[[package]]
name = "pygments"
version = "2.14.0"
description = "Pygments is a syntax highlighting package written in Python."
category = "main"
optional = false
python-versions = ">=3.6"
files = [
    {file = "Pygments-2.14.0-py3-none-any.whl", hash = "sha256:fa7bd7bd2771287c0de303af8bfdfc731f51bd2c6a47ab69d117138893b82717"},
    {file = "Pygments-2.14.0.tar.gz", hash = "sha256:b3ed06a9e8ac9a9aae5a6f5dbe78a8a58655d17b43b93c078f094ddc476ae297"},
]

[package.extras]
plugins = ["importlib-metadata"]

[[package]]
name = "pytest"
version = "7.2.2"
description = "pytest: simple powerful testing with Python"
category = "dev"
optional = false
python-versions = ">=3.7"
files = [
    {file = "pytest-7.2.2-py3-none-any.whl", hash = "sha256:130328f552dcfac0b1cec75c12e3f005619dc5f874f0a06e8ff7263f0ee6225e"},
    {file = "pytest-7.2.2.tar.gz", hash = "sha256:c99ab0c73aceb050f68929bc93af19ab6db0558791c6a0715723abe9d0ade9d4"},
]

[package.dependencies]
attrs = ">=19.2.0"
colorama = {version = "*", markers = "sys_platform == \"win32\""}
exceptiongroup = {version = ">=1.0.0rc8", markers = "python_version < \"3.11\""}
importlib-metadata = {version = ">=0.12", markers = "python_version < \"3.8\""}
iniconfig = "*"
packaging = "*"
pluggy = ">=0.12,<2.0"
tomli = {version = ">=1.0.0", markers = "python_version < \"3.11\""}

[package.extras]
testing = ["argcomplete", "hypothesis (>=3.56)", "mock", "nose", "pygments (>=2.7.2)", "requests", "xmlschema"]

[[package]]
name = "pytest-asyncio"
version = "0.20.3"
description = "Pytest support for asyncio"
category = "dev"
optional = false
python-versions = ">=3.7"
files = [
    {file = "pytest-asyncio-0.20.3.tar.gz", hash = "sha256:83cbf01169ce3e8eb71c6c278ccb0574d1a7a3bb8eaaf5e50e0ad342afb33b36"},
    {file = "pytest_asyncio-0.20.3-py3-none-any.whl", hash = "sha256:f129998b209d04fcc65c96fc85c11e5316738358909a8399e93be553d7656442"},
]

[package.dependencies]
pytest = ">=6.1.0"
typing-extensions = {version = ">=3.7.2", markers = "python_version < \"3.8\""}

[package.extras]
docs = ["sphinx (>=5.3)", "sphinx-rtd-theme (>=1.0)"]
testing = ["coverage (>=6.2)", "flaky (>=3.5.0)", "hypothesis (>=5.7.1)", "mypy (>=0.931)", "pytest-trio (>=0.7.0)"]

[[package]]
name = "pytest-cov"
version = "4.0.0"
description = "Pytest plugin for measuring coverage."
category = "dev"
optional = false
python-versions = ">=3.6"
files = [
    {file = "pytest-cov-4.0.0.tar.gz", hash = "sha256:996b79efde6433cdbd0088872dbc5fb3ed7fe1578b68cdbba634f14bb8dd0470"},
    {file = "pytest_cov-4.0.0-py3-none-any.whl", hash = "sha256:2feb1b751d66a8bd934e5edfa2e961d11309dc37b73b0eabe73b5945fee20f6b"},
]

[package.dependencies]
coverage = {version = ">=5.2.1", extras = ["toml"]}
pytest = ">=4.6"

[package.extras]
testing = ["fields", "hunter", "process-tests", "pytest-xdist", "six", "virtualenv"]

[[package]]
name = "rich"
version = "13.3.2"
description = "Render rich text, tables, progress bars, syntax highlighting, markdown and more to the terminal"
category = "main"
optional = false
python-versions = ">=3.7.0"
files = [
    {file = "rich-13.3.2-py3-none-any.whl", hash = "sha256:a104f37270bf677148d8acb07d33be1569eeee87e2d1beb286a4e9113caf6f2f"},
    {file = "rich-13.3.2.tar.gz", hash = "sha256:91954fe80cfb7985727a467ca98a7618e5dd15178cc2da10f553b36a93859001"},
]

[package.dependencies]
markdown-it-py = ">=2.2.0,<3.0.0"
pygments = ">=2.13.0,<3.0.0"
typing-extensions = {version = ">=4.0.0,<5.0", markers = "python_version < \"3.9\""}

[package.extras]
jupyter = ["ipywidgets (>=7.5.1,<9)"]

[[package]]
name = "simplug"
version = "0.2.2"
description = "A simple plugin system for python with async hooks supported"
category = "main"
optional = false
python-versions = ">=3.7,<4.0"
files = [
    {file = "simplug-0.2.2-py3-none-any.whl", hash = "sha256:7287584fb8f76adab6d667e6e1f8eac4b0e01708bfa3f7c16a54847fc71b73cf"},
    {file = "simplug-0.2.2.tar.gz", hash = "sha256:1694797880e0cc3bdadf0b411f39c3e0877e9b136ceeaa510955af639f08bfb6"},
]

[package.dependencies]
diot = ">=0.1,<0.2"
importlib-metadata = ">=4,<5"

[[package]]
name = "sniffio"
version = "1.3.0"
description = "Sniff out which async library your code is running under"
category = "main"
optional = false
python-versions = ">=3.7"
files = [
    {file = "sniffio-1.3.0-py3-none-any.whl", hash = "sha256:eecefdce1e5bbfb7ad2eeaabf7c1eeb404d7757c379bd1f7e5cce9d8bf425384"},
    {file = "sniffio-1.3.0.tar.gz", hash = "sha256:e60305c5e5d314f5389259b7f22aaa33d8f7dee49763119234af3755c55b9101"},
]

[[package]]
name = "tomli"
version = "2.0.1"
description = "A lil' TOML parser"
category = "dev"
optional = false
python-versions = ">=3.7"
files = [
    {file = "tomli-2.0.1-py3-none-any.whl", hash = "sha256:939de3e7a6161af0c887ef91b7d41a53e7c5a1ca976325f429cb46ea9bc30ecc"},
    {file = "tomli-2.0.1.tar.gz", hash = "sha256:de526c12914f0c550d15924c62d72abc48d6fe7364aa87328337a31007fe8a4f"},
]

[[package]]
name = "typing-extensions"
version = "4.5.0"
description = "Backported and Experimental Type Hints for Python 3.7+"
category = "main"
optional = false
python-versions = ">=3.7"
files = [
    {file = "typing_extensions-4.5.0-py3-none-any.whl", hash = "sha256:fb33085c39dd998ac16d1431ebc293a8b3eedd00fd4a32de0ff79002c19511b4"},
    {file = "typing_extensions-4.5.0.tar.gz", hash = "sha256:5cb5f4a79139d699607b3ef622a1dedafa84e115ab0024e0d9c044a9479ca7cb"},
]

[[package]]
name = "uvloop"
version = "0.17.0"
description = "Fast implementation of asyncio event loop on top of libuv"
category = "main"
optional = false
python-versions = ">=3.7"
files = [
    {file = "uvloop-0.17.0-cp310-cp310-macosx_10_9_universal2.whl", hash = "sha256:ce9f61938d7155f79d3cb2ffa663147d4a76d16e08f65e2c66b77bd41b356718"},
    {file = "uvloop-0.17.0-cp310-cp310-macosx_10_9_x86_64.whl", hash = "sha256:68532f4349fd3900b839f588972b3392ee56042e440dd5873dfbbcd2cc67617c"},
    {file = "uvloop-0.17.0-cp310-cp310-manylinux_2_17_aarch64.manylinux2014_aarch64.whl", hash = "sha256:0949caf774b9fcefc7c5756bacbbbd3fc4c05a6b7eebc7c7ad6f825b23998d6d"},
    {file = "uvloop-0.17.0-cp310-cp310-manylinux_2_17_x86_64.manylinux2014_x86_64.whl", hash = "sha256:ff3d00b70ce95adce264462c930fbaecb29718ba6563db354608f37e49e09024"},
    {file = "uvloop-0.17.0-cp310-cp310-musllinux_1_1_aarch64.whl", hash = "sha256:a5abddb3558d3f0a78949c750644a67be31e47936042d4f6c888dd6f3c95f4aa"},
    {file = "uvloop-0.17.0-cp310-cp310-musllinux_1_1_x86_64.whl", hash = "sha256:8efcadc5a0003d3a6e887ccc1fb44dec25594f117a94e3127954c05cf144d811"},
    {file = "uvloop-0.17.0-cp311-cp311-macosx_10_9_universal2.whl", hash = "sha256:3378eb62c63bf336ae2070599e49089005771cc651c8769aaad72d1bd9385a7c"},
    {file = "uvloop-0.17.0-cp311-cp311-macosx_10_9_x86_64.whl", hash = "sha256:6aafa5a78b9e62493539456f8b646f85abc7093dd997f4976bb105537cf2635e"},
    {file = "uvloop-0.17.0-cp311-cp311-manylinux_2_17_aarch64.manylinux2014_aarch64.whl", hash = "sha256:c686a47d57ca910a2572fddfe9912819880b8765e2f01dc0dd12a9bf8573e539"},
    {file = "uvloop-0.17.0-cp311-cp311-manylinux_2_17_x86_64.manylinux2014_x86_64.whl", hash = "sha256:864e1197139d651a76c81757db5eb199db8866e13acb0dfe96e6fc5d1cf45fc4"},
    {file = "uvloop-0.17.0-cp311-cp311-musllinux_1_1_aarch64.whl", hash = "sha256:2a6149e1defac0faf505406259561bc14b034cdf1d4711a3ddcdfbaa8d825a05"},
    {file = "uvloop-0.17.0-cp311-cp311-musllinux_1_1_x86_64.whl", hash = "sha256:6708f30db9117f115eadc4f125c2a10c1a50d711461699a0cbfaa45b9a78e376"},
    {file = "uvloop-0.17.0-cp37-cp37m-macosx_10_9_x86_64.whl", hash = "sha256:23609ca361a7fc587031429fa25ad2ed7242941adec948f9d10c045bfecab06b"},
    {file = "uvloop-0.17.0-cp37-cp37m-manylinux_2_17_aarch64.manylinux2014_aarch64.whl", hash = "sha256:2deae0b0fb00a6af41fe60a675cec079615b01d68beb4cc7b722424406b126a8"},
    {file = "uvloop-0.17.0-cp37-cp37m-manylinux_2_17_x86_64.manylinux2014_x86_64.whl", hash = "sha256:45cea33b208971e87a31c17622e4b440cac231766ec11e5d22c76fab3bf9df62"},
    {file = "uvloop-0.17.0-cp37-cp37m-musllinux_1_1_aarch64.whl", hash = "sha256:9b09e0f0ac29eee0451d71798878eae5a4e6a91aa275e114037b27f7db72702d"},
    {file = "uvloop-0.17.0-cp37-cp37m-musllinux_1_1_x86_64.whl", hash = "sha256:dbbaf9da2ee98ee2531e0c780455f2841e4675ff580ecf93fe5c48fe733b5667"},
    {file = "uvloop-0.17.0-cp38-cp38-macosx_10_9_universal2.whl", hash = "sha256:a4aee22ece20958888eedbad20e4dbb03c37533e010fb824161b4f05e641f738"},
    {file = "uvloop-0.17.0-cp38-cp38-macosx_10_9_x86_64.whl", hash = "sha256:307958f9fc5c8bb01fad752d1345168c0abc5d62c1b72a4a8c6c06f042b45b20"},
    {file = "uvloop-0.17.0-cp38-cp38-manylinux_2_17_aarch64.manylinux2014_aarch64.whl", hash = "sha256:3ebeeec6a6641d0adb2ea71dcfb76017602ee2bfd8213e3fcc18d8f699c5104f"},
    {file = "uvloop-0.17.0-cp38-cp38-manylinux_2_17_x86_64.manylinux2014_x86_64.whl", hash = "sha256:1436c8673c1563422213ac6907789ecb2b070f5939b9cbff9ef7113f2b531595"},
    {file = "uvloop-0.17.0-cp38-cp38-musllinux_1_1_aarch64.whl", hash = "sha256:8887d675a64cfc59f4ecd34382e5b4f0ef4ae1da37ed665adba0c2badf0d6578"},
    {file = "uvloop-0.17.0-cp38-cp38-musllinux_1_1_x86_64.whl", hash = "sha256:3db8de10ed684995a7f34a001f15b374c230f7655ae840964d51496e2f8a8474"},
    {file = "uvloop-0.17.0-cp39-cp39-macosx_10_9_universal2.whl", hash = "sha256:7d37dccc7ae63e61f7b96ee2e19c40f153ba6ce730d8ba4d3b4e9738c1dccc1b"},
    {file = "uvloop-0.17.0-cp39-cp39-macosx_10_9_x86_64.whl", hash = "sha256:cbbe908fda687e39afd6ea2a2f14c2c3e43f2ca88e3a11964b297822358d0e6c"},
    {file = "uvloop-0.17.0-cp39-cp39-manylinux_2_17_aarch64.manylinux2014_aarch64.whl", hash = "sha256:3d97672dc709fa4447ab83276f344a165075fd9f366a97b712bdd3fee05efae8"},
    {file = "uvloop-0.17.0-cp39-cp39-manylinux_2_17_x86_64.manylinux2014_x86_64.whl", hash = "sha256:f1e507c9ee39c61bfddd79714e4f85900656db1aec4d40c6de55648e85c2799c"},
    {file = "uvloop-0.17.0-cp39-cp39-musllinux_1_1_aarch64.whl", hash = "sha256:c092a2c1e736086d59ac8e41f9c98f26bbf9b9222a76f21af9dfe949b99b2eb9"},
    {file = "uvloop-0.17.0-cp39-cp39-musllinux_1_1_x86_64.whl", hash = "sha256:30babd84706115626ea78ea5dbc7dd8d0d01a2e9f9b306d24ca4ed5796c66ded"},
    {file = "uvloop-0.17.0.tar.gz", hash = "sha256:0ddf6baf9cf11a1a22c71487f39f15b2cf78eb5bde7e5b45fbb99e8a9d91b9e1"},
]

[package.extras]
dev = ["Cython (>=0.29.32,<0.30.0)", "Sphinx (>=4.1.2,<4.2.0)", "aiohttp", "flake8 (>=3.9.2,<3.10.0)", "mypy (>=0.800)", "psutil", "pyOpenSSL (>=22.0.0,<22.1.0)", "pycodestyle (>=2.7.0,<2.8.0)", "pytest (>=3.6.0)", "sphinx-rtd-theme (>=0.5.2,<0.6.0)", "sphinxcontrib-asyncio (>=0.3.0,<0.4.0)"]
docs = ["Sphinx (>=4.1.2,<4.2.0)", "sphinx-rtd-theme (>=0.5.2,<0.6.0)", "sphinxcontrib-asyncio (>=0.3.0,<0.4.0)"]
test = ["Cython (>=0.29.32,<0.30.0)", "aiohttp", "flake8 (>=3.9.2,<3.10.0)", "mypy (>=0.800)", "psutil", "pyOpenSSL (>=22.0.0,<22.1.0)", "pycodestyle (>=2.7.0,<2.8.0)"]

[[package]]
name = "zipp"
version = "3.15.0"
description = "Backport of pathlib-compatible object wrapper for zip files"
category = "main"
optional = false
python-versions = ">=3.7"
files = [
    {file = "zipp-3.15.0-py3-none-any.whl", hash = "sha256:48904fc76a60e542af151aded95726c1a5c34ed43ab4134b597665c86d7ad556"},
    {file = "zipp-3.15.0.tar.gz", hash = "sha256:112929ad649da941c23de50f356a2b5570c954b65150642bccdd66bf194d224b"},
]

[package.extras]
docs = ["furo", "jaraco.packaging (>=9)", "jaraco.tidelift (>=1.4)", "rst.linker (>=1.9)", "sphinx (>=3.5)", "sphinx-lint"]
testing = ["big-O", "flake8 (<5)", "jaraco.functools", "jaraco.itertools", "more-itertools", "pytest (>=6)", "pytest-black (>=0.3.7)", "pytest-checkdocs (>=2.4)", "pytest-cov", "pytest-enabler (>=1.3)", "pytest-flake8", "pytest-mypy (>=0.9.1)"]

[metadata]
lock-version = "2.0"
python-versions = "^3.7"
content-hash = "475877d3574adbe5e378dd82a983317daf74ea2fb715ad22ab809e7501b53a98"
